// !$*UTF8*$!
{
	archiveVersion = 1;
	classes = {
	};
	objectVersion = 56;
	objects = {

/* Begin PBXBuildFile section */
		027F56F92946FAC1003AEE0C /* AppDelegate.swift in Sources */ = {isa = PBXBuildFile; fileRef = 027F56F82946FAC1003AEE0C /* AppDelegate.swift */; };
		027F56FB2946FAC1003AEE0C /* SceneDelegate.swift in Sources */ = {isa = PBXBuildFile; fileRef = 027F56FA2946FAC1003AEE0C /* SceneDelegate.swift */; };
		027F56FD2946FAC1003AEE0C /* ViewController.swift in Sources */ = {isa = PBXBuildFile; fileRef = 027F56FC2946FAC1003AEE0C /* ViewController.swift */; };
		027F57022946FAC4003AEE0C /* Assets.xcassets in Resources */ = {isa = PBXBuildFile; fileRef = 027F57012946FAC4003AEE0C /* Assets.xcassets */; };
		027F57052946FAC4003AEE0C /* LaunchScreen.storyboard in Resources */ = {isa = PBXBuildFile; fileRef = 027F57032946FAC4003AEE0C /* LaunchScreen.storyboard */; };
		027F57102946FAC4003AEE0C /* SoloProjectTests.swift in Sources */ = {isa = PBXBuildFile; fileRef = 027F570F2946FAC4003AEE0C /* SoloProjectTests.swift */; };
		027F571A2946FAC4003AEE0C /* SoloProjectUITests.swift in Sources */ = {isa = PBXBuildFile; fileRef = 027F57192946FAC4003AEE0C /* SoloProjectUITests.swift */; };
		027F571C2946FAC4003AEE0C /* SoloProjectUITestsLaunchTests.swift in Sources */ = {isa = PBXBuildFile; fileRef = 027F571B2946FAC4003AEE0C /* SoloProjectUITestsLaunchTests.swift */; };
		02A237EA2948B76E0054A397 /* Main.storyboard in Resources */ = {isa = PBXBuildFile; fileRef = 02A237E92948B76E0054A397 /* Main.storyboard */; };
		02A968EA294E65D40006A4D0 /* DealsViewController.swift in Sources */ = {isa = PBXBuildFile; fileRef = 02A968E9294E65D40006A4D0 /* DealsViewController.swift */; };
		02A968F1294EB5020006A4D0 /* DealsNavegationViewController.swift in Sources */ = {isa = PBXBuildFile; fileRef = 02A968F0294EB5020006A4D0 /* DealsNavegationViewController.swift */; };
		02A968F3294FC06F0006A4D0 /* TesterViewController.swift in Sources */ = {isa = PBXBuildFile; fileRef = 02A968F2294FC06F0006A4D0 /* TesterViewController.swift */; };
		02A968F5294FE35D0006A4D0 /* SecondPageViewController.swift in Sources */ = {isa = PBXBuildFile; fileRef = 02A968F4294FE35D0006A4D0 /* SecondPageViewController.swift */; };
		02A968F7295033F60006A4D0 /* testrootViewController.swift in Sources */ = {isa = PBXBuildFile; fileRef = 02A968F6295033F60006A4D0 /* testrootViewController.swift */; };
		02A968F92950E3C10006A4D0 /* MenuViewController.swift in Sources */ = {isa = PBXBuildFile; fileRef = 02A968F82950E3C10006A4D0 /* MenuViewController.swift */; };
		02A968FB2950E5460006A4D0 /* MenuNavigationController.swift in Sources */ = {isa = PBXBuildFile; fileRef = 02A968FA2950E5460006A4D0 /* MenuNavigationController.swift */; };
		02AA8CA92949A3D300A9216E /* labelsTableViewCells.swift in Sources */ = {isa = PBXBuildFile; fileRef = 02AA8CA82949A3D300A9216E /* labelsTableViewCells.swift */; };
		02AA8CAB2949A6FA00A9216E /* CollectionTableViewCell.swift in Sources */ = {isa = PBXBuildFile; fileRef = 02AA8CAA2949A6FA00A9216E /* CollectionTableViewCell.swift */; };
		02AA8CAF294A3C6100A9216E /* TopPicksCollectionViewCell.swift in Sources */ = {isa = PBXBuildFile; fileRef = 02AA8CAE294A3C6100A9216E /* TopPicksCollectionViewCell.swift */; };
		02AA8CB1294A53C300A9216E /* MealsTableViewCell.swift in Sources */ = {isa = PBXBuildFile; fileRef = 02AA8CB0294A53C300A9216E /* MealsTableViewCell.swift */; };
		02AA8CF2294B947000A9216E /* menuViewModel.swift in Sources */ = {isa = PBXBuildFile; fileRef = 02AA8CF1294B947000A9216E /* menuViewModel.swift */; };
		02AA8CF4294BA3E600A9216E /* NetworkManager.swift in Sources */ = {isa = PBXBuildFile; fileRef = 02AA8CF3294BA3E600A9216E /* NetworkManager.swift */; };
/* End PBXBuildFile section */

/* Begin PBXContainerItemProxy section */
		027F570C2946FAC4003AEE0C /* PBXContainerItemProxy */ = {
			isa = PBXContainerItemProxy;
			containerPortal = 027F56ED2946FAC1003AEE0C /* Project object */;
			proxyType = 1;
			remoteGlobalIDString = 027F56F42946FAC1003AEE0C;
			remoteInfo = SoloProject;
		};
		027F57162946FAC4003AEE0C /* PBXContainerItemProxy */ = {
			isa = PBXContainerItemProxy;
			containerPortal = 027F56ED2946FAC1003AEE0C /* Project object */;
			proxyType = 1;
			remoteGlobalIDString = 027F56F42946FAC1003AEE0C;
			remoteInfo = SoloProject;
		};
/* End PBXContainerItemProxy section */

/* Begin PBXFileReference section */
		027F56F52946FAC1003AEE0C /* SoloProject.app */ = {isa = PBXFileReference; explicitFileType = wrapper.application; includeInIndex = 0; path = SoloProject.app; sourceTree = BUILT_PRODUCTS_DIR; };
		027F56F82946FAC1003AEE0C /* AppDelegate.swift */ = {isa = PBXFileReference; lastKnownFileType = sourcecode.swift; path = AppDelegate.swift; sourceTree = "<group>"; };
		027F56FA2946FAC1003AEE0C /* SceneDelegate.swift */ = {isa = PBXFileReference; lastKnownFileType = sourcecode.swift; path = SceneDelegate.swift; sourceTree = "<group>"; };
		027F56FC2946FAC1003AEE0C /* ViewController.swift */ = {isa = PBXFileReference; lastKnownFileType = sourcecode.swift; path = ViewController.swift; sourceTree = "<group>"; };
		027F57012946FAC4003AEE0C /* Assets.xcassets */ = {isa = PBXFileReference; lastKnownFileType = folder.assetcatalog; path = Assets.xcassets; sourceTree = "<group>"; };
		027F57042946FAC4003AEE0C /* Base */ = {isa = PBXFileReference; lastKnownFileType = file.storyboard; name = Base; path = Base.lproj/LaunchScreen.storyboard; sourceTree = "<group>"; };
		027F57062946FAC4003AEE0C /* Info.plist */ = {isa = PBXFileReference; lastKnownFileType = text.plist.xml; path = Info.plist; sourceTree = "<group>"; };
		027F570B2946FAC4003AEE0C /* SoloProjectTests.xctest */ = {isa = PBXFileReference; explicitFileType = wrapper.cfbundle; includeInIndex = 0; path = SoloProjectTests.xctest; sourceTree = BUILT_PRODUCTS_DIR; };
		027F570F2946FAC4003AEE0C /* SoloProjectTests.swift */ = {isa = PBXFileReference; lastKnownFileType = sourcecode.swift; path = SoloProjectTests.swift; sourceTree = "<group>"; };
		027F57152946FAC4003AEE0C /* SoloProjectUITests.xctest */ = {isa = PBXFileReference; explicitFileType = wrapper.cfbundle; includeInIndex = 0; path = SoloProjectUITests.xctest; sourceTree = BUILT_PRODUCTS_DIR; };
		027F57192946FAC4003AEE0C /* SoloProjectUITests.swift */ = {isa = PBXFileReference; lastKnownFileType = sourcecode.swift; path = SoloProjectUITests.swift; sourceTree = "<group>"; };
		027F571B2946FAC4003AEE0C /* SoloProjectUITestsLaunchTests.swift */ = {isa = PBXFileReference; lastKnownFileType = sourcecode.swift; path = SoloProjectUITestsLaunchTests.swift; sourceTree = "<group>"; };
		02A237E92948B76E0054A397 /* Main.storyboard */ = {isa = PBXFileReference; lastKnownFileType = file.storyboard; name = Main.storyboard; path = SoloProject/Main.storyboard; sourceTree = SOURCE_ROOT; };
		02A968E9294E65D40006A4D0 /* DealsViewController.swift */ = {isa = PBXFileReference; lastKnownFileType = sourcecode.swift; path = DealsViewController.swift; sourceTree = "<group>"; };
		02A968F0294EB5020006A4D0 /* DealsNavegationViewController.swift */ = {isa = PBXFileReference; lastKnownFileType = sourcecode.swift; path = DealsNavegationViewController.swift; sourceTree = "<group>"; };
		02A968F2294FC06F0006A4D0 /* TesterViewController.swift */ = {isa = PBXFileReference; lastKnownFileType = sourcecode.swift; path = TesterViewController.swift; sourceTree = "<group>"; };
		02A968F4294FE35D0006A4D0 /* SecondPageViewController.swift */ = {isa = PBXFileReference; lastKnownFileType = sourcecode.swift; path = SecondPageViewController.swift; sourceTree = "<group>"; };
		02A968F6295033F60006A4D0 /* testrootViewController.swift */ = {isa = PBXFileReference; lastKnownFileType = sourcecode.swift; path = testrootViewController.swift; sourceTree = "<group>"; };
		02A968F82950E3C10006A4D0 /* MenuViewController.swift */ = {isa = PBXFileReference; lastKnownFileType = sourcecode.swift; path = MenuViewController.swift; sourceTree = "<group>"; };
		02A968FA2950E5460006A4D0 /* MenuNavigationController.swift */ = {isa = PBXFileReference; lastKnownFileType = sourcecode.swift; path = MenuNavigationController.swift; sourceTree = "<group>"; };
		02AA8CA82949A3D300A9216E /* labelsTableViewCells.swift */ = {isa = PBXFileReference; lastKnownFileType = sourcecode.swift; path = labelsTableViewCells.swift; sourceTree = "<group>"; };
		02AA8CAA2949A6FA00A9216E /* CollectionTableViewCell.swift */ = {isa = PBXFileReference; lastKnownFileType = sourcecode.swift; path = CollectionTableViewCell.swift; sourceTree = "<group>"; };
		02AA8CAE294A3C6100A9216E /* TopPicksCollectionViewCell.swift */ = {isa = PBXFileReference; lastKnownFileType = sourcecode.swift; path = TopPicksCollectionViewCell.swift; sourceTree = "<group>"; };
		02AA8CB0294A53C300A9216E /* MealsTableViewCell.swift */ = {isa = PBXFileReference; lastKnownFileType = sourcecode.swift; path = MealsTableViewCell.swift; sourceTree = "<group>"; };
		02AA8CF1294B947000A9216E /* menuViewModel.swift */ = {isa = PBXFileReference; lastKnownFileType = sourcecode.swift; path = menuViewModel.swift; sourceTree = "<group>"; };
		02AA8CF3294BA3E600A9216E /* NetworkManager.swift */ = {isa = PBXFileReference; lastKnownFileType = sourcecode.swift; path = NetworkManager.swift; sourceTree = "<group>"; };
/* End PBXFileReference section */

/* Begin PBXFrameworksBuildPhase section */
		027F56F22946FAC1003AEE0C /* Frameworks */ = {
			isa = PBXFrameworksBuildPhase;
			buildActionMask = 2147483647;
			files = (
			);
			runOnlyForDeploymentPostprocessing = 0;
		};
		027F57082946FAC4003AEE0C /* Frameworks */ = {
			isa = PBXFrameworksBuildPhase;
			buildActionMask = 2147483647;
			files = (
			);
			runOnlyForDeploymentPostprocessing = 0;
		};
		027F57122946FAC4003AEE0C /* Frameworks */ = {
			isa = PBXFrameworksBuildPhase;
			buildActionMask = 2147483647;
			files = (
			);
			runOnlyForDeploymentPostprocessing = 0;
		};
/* End PBXFrameworksBuildPhase section */

/* Begin PBXGroup section */
		027F56EC2946FAC1003AEE0C = {
			isa = PBXGroup;
			children = (
				027F56F72946FAC1003AEE0C /* SoloProject */,
				027F570E2946FAC4003AEE0C /* SoloProjectTests */,
				027F57182946FAC4003AEE0C /* SoloProjectUITests */,
				027F56F62946FAC1003AEE0C /* Products */,
			);
			sourceTree = "<group>";
		};
		027F56F62946FAC1003AEE0C /* Products */ = {
			isa = PBXGroup;
			children = (
				027F56F52946FAC1003AEE0C /* SoloProject.app */,
				027F570B2946FAC4003AEE0C /* SoloProjectTests.xctest */,
				027F57152946FAC4003AEE0C /* SoloProjectUITests.xctest */,
			);
			name = Products;
			sourceTree = "<group>";
		};
		027F56F72946FAC1003AEE0C /* SoloProject */ = {
			isa = PBXGroup;
			children = (
				02AA8CA42949001A00A9216E /* View Model */,
				02AA8CA12949001800A9216E /* Service */,
				02AA8CA22949001900A9216E /* Model */,
				02AA8CA32949001900A9216E /* View */,
				02AA8CA02949001800A9216E /* Networking */,
				027F57012946FAC4003AEE0C /* Assets.xcassets */,
				02A237E92948B76E0054A397 /* Main.storyboard */,
				027F57032946FAC4003AEE0C /* LaunchScreen.storyboard */,
				027F57062946FAC4003AEE0C /* Info.plist */,
			);
			path = SoloProject;
			sourceTree = "<group>";
		};
		027F570E2946FAC4003AEE0C /* SoloProjectTests */ = {
			isa = PBXGroup;
			children = (
				027F570F2946FAC4003AEE0C /* SoloProjectTests.swift */,
			);
			path = SoloProjectTests;
			sourceTree = "<group>";
		};
		027F57182946FAC4003AEE0C /* SoloProjectUITests */ = {
			isa = PBXGroup;
			children = (
				027F57192946FAC4003AEE0C /* SoloProjectUITests.swift */,
				027F571B2946FAC4003AEE0C /* SoloProjectUITestsLaunchTests.swift */,
			);
			path = SoloProjectUITests;
			sourceTree = "<group>";
		};
		02A968E7294E654B0006A4D0 /* DealsScreen */ = {
			isa = PBXGroup;
			children = (
				02A968F6295033F60006A4D0 /* testrootViewController.swift */,
				02A968F0294EB5020006A4D0 /* DealsNavegationViewController.swift */,
				02A968E9294E65D40006A4D0 /* DealsViewController.swift */,
				02A968EB294E66390006A4D0 /* Cells */,
			);
			path = DealsScreen;
			sourceTree = "<group>";
		};
		02A968E8294E65780006A4D0 /* MenuScreen */ = {
			isa = PBXGroup;
			children = (
				02A968FA2950E5460006A4D0 /* MenuNavigationController.swift */,
				027F56FC2946FAC1003AEE0C /* ViewController.swift */,
				02A968F82950E3C10006A4D0 /* MenuViewController.swift */,
				02AA8CA72949605700A9216E /* TableCells */,
			);
			path = MenuScreen;
			sourceTree = "<group>";
		};
		02A968EB294E66390006A4D0 /* Cells */ = {
			isa = PBXGroup;
			children = (
			);
			path = Cells;
			sourceTree = "<group>";
		};
		02A968EC294E66480006A4D0 /* OrderViewController */ = {
			isa = PBXGroup;
			children = (
				02A968F2294FC06F0006A4D0 /* TesterViewController.swift */,
				02A968F4294FE35D0006A4D0 /* SecondPageViewController.swift */,
				02A968EE294E66CA0006A4D0 /* Cell */,
			);
			path = OrderViewController;
			sourceTree = "<group>";
		};
		02A968ED294E66640006A4D0 /* BagScreen */ = {
			isa = PBXGroup;
			children = (
				02A968EF294E66D70006A4D0 /* Cell */,
			);
			path = BagScreen;
			sourceTree = "<group>";
		};
		02A968EE294E66CA0006A4D0 /* Cell */ = {
			isa = PBXGroup;
			children = (
			);
			path = Cell;
			sourceTree = "<group>";
		};
		02A968EF294E66D70006A4D0 /* Cell */ = {
			isa = PBXGroup;
			children = (
			);
			path = Cell;
			sourceTree = "<group>";
		};
		02AA8CA02949001800A9216E /* Networking */ = {
			isa = PBXGroup;
			children = (
				02AA8CF3294BA3E600A9216E /* NetworkManager.swift */,
			);
			path = Networking;
			sourceTree = "<group>";
		};
		02AA8CA12949001800A9216E /* Service */ = {
			isa = PBXGroup;
			children = (
				027F56F82946FAC1003AEE0C /* AppDelegate.swift */,
				027F56FA2946FAC1003AEE0C /* SceneDelegate.swift */,
			);
			path = Service;
			sourceTree = "<group>";
		};
		02AA8CA22949001900A9216E /* Model */ = {
			isa = PBXGroup;
			children = (
				02AA8CF1294B947000A9216E /* menuViewModel.swift */,
			);
			path = Model;
			sourceTree = "<group>";
		};
		02AA8CA32949001900A9216E /* View */ = {
			isa = PBXGroup;
			children = (
				02A968E8294E65780006A4D0 /* MenuScreen */,
				02A968ED294E66640006A4D0 /* BagScreen */,
				02A968EC294E66480006A4D0 /* OrderViewController */,
				02A968E7294E654B0006A4D0 /* DealsScreen */,
			);
			path = View;
			sourceTree = "<group>";
		};
		02AA8CA42949001A00A9216E /* View Model */ = {
			isa = PBXGroup;
			children = (
			);
			path = "View Model";
			sourceTree = "<group>";
		};
		02AA8CA72949605700A9216E /* TableCells */ = {
			isa = PBXGroup;
			children = (
				02AA8CA82949A3D300A9216E /* labelsTableViewCells.swift */,
				02AA8CB0294A53C300A9216E /* MealsTableViewCell.swift */,
				02AA8CAA2949A6FA00A9216E /* CollectionTableViewCell.swift */,
				02AA8CAD294A3C3B00A9216E /* collectionCells */,
			);
			path = TableCells;
			sourceTree = "<group>";
		};
		02AA8CAD294A3C3B00A9216E /* collectionCells */ = {
			isa = PBXGroup;
			children = (
				02AA8CAE294A3C6100A9216E /* TopPicksCollectionViewCell.swift */,
			);
			path = collectionCells;
			sourceTree = "<group>";
		};
/* End PBXGroup section */

/* Begin PBXNativeTarget section */
		027F56F42946FAC1003AEE0C /* SoloProject */ = {
			isa = PBXNativeTarget;
			buildConfigurationList = 027F571F2946FAC4003AEE0C /* Build configuration list for PBXNativeTarget "SoloProject" */;
			buildPhases = (
				027F56F12946FAC1003AEE0C /* Sources */,
				027F56F22946FAC1003AEE0C /* Frameworks */,
				027F56F32946FAC1003AEE0C /* Resources */,
			);
			buildRules = (
			);
			dependencies = (
			);
			name = SoloProject;
			productName = SoloProject;
			productReference = 027F56F52946FAC1003AEE0C /* SoloProject.app */;
			productType = "com.apple.product-type.application";
		};
		027F570A2946FAC4003AEE0C /* SoloProjectTests */ = {
			isa = PBXNativeTarget;
			buildConfigurationList = 027F57222946FAC4003AEE0C /* Build configuration list for PBXNativeTarget "SoloProjectTests" */;
			buildPhases = (
				027F57072946FAC4003AEE0C /* Sources */,
				027F57082946FAC4003AEE0C /* Frameworks */,
				027F57092946FAC4003AEE0C /* Resources */,
			);
			buildRules = (
			);
			dependencies = (
				027F570D2946FAC4003AEE0C /* PBXTargetDependency */,
			);
			name = SoloProjectTests;
			productName = SoloProjectTests;
			productReference = 027F570B2946FAC4003AEE0C /* SoloProjectTests.xctest */;
			productType = "com.apple.product-type.bundle.unit-test";
		};
		027F57142946FAC4003AEE0C /* SoloProjectUITests */ = {
			isa = PBXNativeTarget;
			buildConfigurationList = 027F57252946FAC4003AEE0C /* Build configuration list for PBXNativeTarget "SoloProjectUITests" */;
			buildPhases = (
				027F57112946FAC4003AEE0C /* Sources */,
				027F57122946FAC4003AEE0C /* Frameworks */,
				027F57132946FAC4003AEE0C /* Resources */,
			);
			buildRules = (
			);
			dependencies = (
				027F57172946FAC4003AEE0C /* PBXTargetDependency */,
			);
			name = SoloProjectUITests;
			productName = SoloProjectUITests;
			productReference = 027F57152946FAC4003AEE0C /* SoloProjectUITests.xctest */;
			productType = "com.apple.product-type.bundle.ui-testing";
		};
/* End PBXNativeTarget section */

/* Begin PBXProject section */
		027F56ED2946FAC1003AEE0C /* Project object */ = {
			isa = PBXProject;
			attributes = {
				BuildIndependentTargetsInParallel = 1;
				LastSwiftUpdateCheck = 1400;
				LastUpgradeCheck = 1400;
				TargetAttributes = {
					027F56F42946FAC1003AEE0C = {
						CreatedOnToolsVersion = 14.0.1;
					};
					027F570A2946FAC4003AEE0C = {
						CreatedOnToolsVersion = 14.0.1;
						TestTargetID = 027F56F42946FAC1003AEE0C;
					};
					027F57142946FAC4003AEE0C = {
						CreatedOnToolsVersion = 14.0.1;
						TestTargetID = 027F56F42946FAC1003AEE0C;
					};
				};
			};
			buildConfigurationList = 027F56F02946FAC1003AEE0C /* Build configuration list for PBXProject "SoloProject" */;
			compatibilityVersion = "Xcode 14.0";
			developmentRegion = en;
			hasScannedForEncodings = 0;
			knownRegions = (
				en,
				Base,
			);
			mainGroup = 027F56EC2946FAC1003AEE0C;
			productRefGroup = 027F56F62946FAC1003AEE0C /* Products */;
			projectDirPath = "";
			projectRoot = "";
			targets = (
				027F56F42946FAC1003AEE0C /* SoloProject */,
				027F570A2946FAC4003AEE0C /* SoloProjectTests */,
				027F57142946FAC4003AEE0C /* SoloProjectUITests */,
			);
		};
/* End PBXProject section */

/* Begin PBXResourcesBuildPhase section */
		027F56F32946FAC1003AEE0C /* Resources */ = {
			isa = PBXResourcesBuildPhase;
			buildActionMask = 2147483647;
			files = (
				027F57052946FAC4003AEE0C /* LaunchScreen.storyboard in Resources */,
				027F57022946FAC4003AEE0C /* Assets.xcassets in Resources */,
				02A237EA2948B76E0054A397 /* Main.storyboard in Resources */,
			);
			runOnlyForDeploymentPostprocessing = 0;
		};
		027F57092946FAC4003AEE0C /* Resources */ = {
			isa = PBXResourcesBuildPhase;
			buildActionMask = 2147483647;
			files = (
			);
			runOnlyForDeploymentPostprocessing = 0;
		};
		027F57132946FAC4003AEE0C /* Resources */ = {
			isa = PBXResourcesBuildPhase;
			buildActionMask = 2147483647;
			files = (
			);
			runOnlyForDeploymentPostprocessing = 0;
		};
/* End PBXResourcesBuildPhase section */

/* Begin PBXSourcesBuildPhase section */
		027F56F12946FAC1003AEE0C /* Sources */ = {
			isa = PBXSourcesBuildPhase;
			buildActionMask = 2147483647;
			files = (
				02A968F7295033F60006A4D0 /* testrootViewController.swift in Sources */,
				02A968F92950E3C10006A4D0 /* MenuViewController.swift in Sources */,
				02A968F5294FE35D0006A4D0 /* SecondPageViewController.swift in Sources */,
				027F56FD2946FAC1003AEE0C /* ViewController.swift in Sources */,
				02AA8CAF294A3C6100A9216E /* TopPicksCollectionViewCell.swift in Sources */,
				02A968FB2950E5460006A4D0 /* MenuNavigationController.swift in Sources */,
				02AA8CF2294B947000A9216E /* menuViewModel.swift in Sources */,
				02AA8CF4294BA3E600A9216E /* NetworkManager.swift in Sources */,
				02A968F1294EB5020006A4D0 /* DealsNavegationViewController.swift in Sources */,
				02AA8CAB2949A6FA00A9216E /* CollectionTableViewCell.swift in Sources */,
				02AA8CB1294A53C300A9216E /* MealsTableViewCell.swift in Sources */,
				02A968EA294E65D40006A4D0 /* DealsViewController.swift in Sources */,
				027F56F92946FAC1003AEE0C /* AppDelegate.swift in Sources */,
				02AA8CA92949A3D300A9216E /* labelsTableViewCells.swift in Sources */,
				027F56FB2946FAC1003AEE0C /* SceneDelegate.swift in Sources */,
				02A968F3294FC06F0006A4D0 /* TesterViewController.swift in Sources */,
			);
			runOnlyForDeploymentPostprocessing = 0;
		};
		027F57072946FAC4003AEE0C /* Sources */ = {
			isa = PBXSourcesBuildPhase;
			buildActionMask = 2147483647;
			files = (
				027F57102946FAC4003AEE0C /* SoloProjectTests.swift in Sources */,
			);
			runOnlyForDeploymentPostprocessing = 0;
		};
		027F57112946FAC4003AEE0C /* Sources */ = {
			isa = PBXSourcesBuildPhase;
			buildActionMask = 2147483647;
			files = (
				027F571A2946FAC4003AEE0C /* SoloProjectUITests.swift in Sources */,
				027F571C2946FAC4003AEE0C /* SoloProjectUITestsLaunchTests.swift in Sources */,
			);
			runOnlyForDeploymentPostprocessing = 0;
		};
/* End PBXSourcesBuildPhase section */

/* Begin PBXTargetDependency section */
		027F570D2946FAC4003AEE0C /* PBXTargetDependency */ = {
			isa = PBXTargetDependency;
			target = 027F56F42946FAC1003AEE0C /* SoloProject */;
			targetProxy = 027F570C2946FAC4003AEE0C /* PBXContainerItemProxy */;
		};
		027F57172946FAC4003AEE0C /* PBXTargetDependency */ = {
			isa = PBXTargetDependency;
			target = 027F56F42946FAC1003AEE0C /* SoloProject */;
			targetProxy = 027F57162946FAC4003AEE0C /* PBXContainerItemProxy */;
		};
/* End PBXTargetDependency section */

/* Begin PBXVariantGroup section */
		027F57032946FAC4003AEE0C /* LaunchScreen.storyboard */ = {
			isa = PBXVariantGroup;
			children = (
				027F57042946FAC4003AEE0C /* Base */,
			);
			name = LaunchScreen.storyboard;
			sourceTree = "<group>";
		};
/* End PBXVariantGroup section */

/* Begin XCBuildConfiguration section */
		027F571D2946FAC4003AEE0C /* Debug */ = {
			isa = XCBuildConfiguration;
			buildSettings = {
				ALWAYS_SEARCH_USER_PATHS = NO;
				CLANG_ANALYZER_NONNULL = YES;
				CLANG_ANALYZER_NUMBER_OBJECT_CONVERSION = YES_AGGRESSIVE;
				CLANG_CXX_LANGUAGE_STANDARD = "gnu++20";
				CLANG_ENABLE_MODULES = YES;
				CLANG_ENABLE_OBJC_ARC = YES;
				CLANG_ENABLE_OBJC_WEAK = YES;
				CLANG_WARN_BLOCK_CAPTURE_AUTORELEASING = YES;
				CLANG_WARN_BOOL_CONVERSION = YES;
				CLANG_WARN_COMMA = YES;
				CLANG_WARN_CONSTANT_CONVERSION = YES;
				CLANG_WARN_DEPRECATED_OBJC_IMPLEMENTATIONS = YES;
				CLANG_WARN_DIRECT_OBJC_ISA_USAGE = YES_ERROR;
				CLANG_WARN_DOCUMENTATION_COMMENTS = YES;
				CLANG_WARN_EMPTY_BODY = YES;
				CLANG_WARN_ENUM_CONVERSION = YES;
				CLANG_WARN_INFINITE_RECURSION = YES;
				CLANG_WARN_INT_CONVERSION = YES;
				CLANG_WARN_NON_LITERAL_NULL_CONVERSION = YES;
				CLANG_WARN_OBJC_IMPLICIT_RETAIN_SELF = YES;
				CLANG_WARN_OBJC_LITERAL_CONVERSION = YES;
				CLANG_WARN_OBJC_ROOT_CLASS = YES_ERROR;
				CLANG_WARN_QUOTED_INCLUDE_IN_FRAMEWORK_HEADER = YES;
				CLANG_WARN_RANGE_LOOP_ANALYSIS = YES;
				CLANG_WARN_STRICT_PROTOTYPES = YES;
				CLANG_WARN_SUSPICIOUS_MOVE = YES;
				CLANG_WARN_UNGUARDED_AVAILABILITY = YES_AGGRESSIVE;
				CLANG_WARN_UNREACHABLE_CODE = YES;
				CLANG_WARN__DUPLICATE_METHOD_MATCH = YES;
				COPY_PHASE_STRIP = NO;
				DEBUG_INFORMATION_FORMAT = dwarf;
				ENABLE_STRICT_OBJC_MSGSEND = YES;
				ENABLE_TESTABILITY = YES;
				GCC_C_LANGUAGE_STANDARD = gnu11;
				GCC_DYNAMIC_NO_PIC = NO;
				GCC_NO_COMMON_BLOCKS = YES;
				GCC_OPTIMIZATION_LEVEL = 0;
				GCC_PREPROCESSOR_DEFINITIONS = (
					"DEBUG=1",
					"$(inherited)",
				);
				GCC_WARN_64_TO_32_BIT_CONVERSION = YES;
				GCC_WARN_ABOUT_RETURN_TYPE = YES_ERROR;
				GCC_WARN_UNDECLARED_SELECTOR = YES;
				GCC_WARN_UNINITIALIZED_AUTOS = YES_AGGRESSIVE;
				GCC_WARN_UNUSED_FUNCTION = YES;
				GCC_WARN_UNUSED_VARIABLE = YES;
				IPHONEOS_DEPLOYMENT_TARGET = 16.0;
				MTL_ENABLE_DEBUG_INFO = INCLUDE_SOURCE;
				MTL_FAST_MATH = YES;
				ONLY_ACTIVE_ARCH = YES;
				SDKROOT = iphoneos;
				SWIFT_ACTIVE_COMPILATION_CONDITIONS = DEBUG;
				SWIFT_OPTIMIZATION_LEVEL = "-Onone";
			};
			name = Debug;
		};
		027F571E2946FAC4003AEE0C /* Release */ = {
			isa = XCBuildConfiguration;
			buildSettings = {
				ALWAYS_SEARCH_USER_PATHS = NO;
				CLANG_ANALYZER_NONNULL = YES;
				CLANG_ANALYZER_NUMBER_OBJECT_CONVERSION = YES_AGGRESSIVE;
				CLANG_CXX_LANGUAGE_STANDARD = "gnu++20";
				CLANG_ENABLE_MODULES = YES;
				CLANG_ENABLE_OBJC_ARC = YES;
				CLANG_ENABLE_OBJC_WEAK = YES;
				CLANG_WARN_BLOCK_CAPTURE_AUTORELEASING = YES;
				CLANG_WARN_BOOL_CONVERSION = YES;
				CLANG_WARN_COMMA = YES;
				CLANG_WARN_CONSTANT_CONVERSION = YES;
				CLANG_WARN_DEPRECATED_OBJC_IMPLEMENTATIONS = YES;
				CLANG_WARN_DIRECT_OBJC_ISA_USAGE = YES_ERROR;
				CLANG_WARN_DOCUMENTATION_COMMENTS = YES;
				CLANG_WARN_EMPTY_BODY = YES;
				CLANG_WARN_ENUM_CONVERSION = YES;
				CLANG_WARN_INFINITE_RECURSION = YES;
				CLANG_WARN_INT_CONVERSION = YES;
				CLANG_WARN_NON_LITERAL_NULL_CONVERSION = YES;
				CLANG_WARN_OBJC_IMPLICIT_RETAIN_SELF = YES;
				CLANG_WARN_OBJC_LITERAL_CONVERSION = YES;
				CLANG_WARN_OBJC_ROOT_CLASS = YES_ERROR;
				CLANG_WARN_QUOTED_INCLUDE_IN_FRAMEWORK_HEADER = YES;
				CLANG_WARN_RANGE_LOOP_ANALYSIS = YES;
				CLANG_WARN_STRICT_PROTOTYPES = YES;
				CLANG_WARN_SUSPICIOUS_MOVE = YES;
				CLANG_WARN_UNGUARDED_AVAILABILITY = YES_AGGRESSIVE;
				CLANG_WARN_UNREACHABLE_CODE = YES;
				CLANG_WARN__DUPLICATE_METHOD_MATCH = YES;
				COPY_PHASE_STRIP = NO;
				DEBUG_INFORMATION_FORMAT = "dwarf-with-dsym";
				ENABLE_NS_ASSERTIONS = NO;
				ENABLE_STRICT_OBJC_MSGSEND = YES;
				GCC_C_LANGUAGE_STANDARD = gnu11;
				GCC_NO_COMMON_BLOCKS = YES;
				GCC_WARN_64_TO_32_BIT_CONVERSION = YES;
				GCC_WARN_ABOUT_RETURN_TYPE = YES_ERROR;
				GCC_WARN_UNDECLARED_SELECTOR = YES;
				GCC_WARN_UNINITIALIZED_AUTOS = YES_AGGRESSIVE;
				GCC_WARN_UNUSED_FUNCTION = YES;
				GCC_WARN_UNUSED_VARIABLE = YES;
				IPHONEOS_DEPLOYMENT_TARGET = 16.0;
				MTL_ENABLE_DEBUG_INFO = NO;
				MTL_FAST_MATH = YES;
				SDKROOT = iphoneos;
				SWIFT_COMPILATION_MODE = wholemodule;
				SWIFT_OPTIMIZATION_LEVEL = "-O";
				VALIDATE_PRODUCT = YES;
			};
			name = Release;
		};
		027F57202946FAC4003AEE0C /* Debug */ = {
			isa = XCBuildConfiguration;
			buildSettings = {
				ASSETCATALOG_COMPILER_APPICON_NAME = AppIcon;
				ASSETCATALOG_COMPILER_GLOBAL_ACCENT_COLOR_NAME = AccentColor;
				CODE_SIGN_STYLE = Automatic;
				CURRENT_PROJECT_VERSION = 1;
				GENERATE_INFOPLIST_FILE = YES;
				INFOPLIST_FILE = SoloProject/Info.plist;
				INFOPLIST_KEY_UIApplicationSupportsIndirectInputEvents = YES;
				INFOPLIST_KEY_UILaunchStoryboardName = LaunchScreen;
				INFOPLIST_KEY_UIMainStoryboardFile = Main;
				INFOPLIST_KEY_UISupportedInterfaceOrientations_iPad = "UIInterfaceOrientationPortrait UIInterfaceOrientationPortraitUpsideDown UIInterfaceOrientationLandscapeLeft UIInterfaceOrientationLandscapeRight";
				INFOPLIST_KEY_UISupportedInterfaceOrientations_iPhone = "UIInterfaceOrientationPortrait UIInterfaceOrientationLandscapeLeft UIInterfaceOrientationLandscapeRight";
				LD_RUNPATH_SEARCH_PATHS = (
					"$(inherited)",
					"@executable_path/Frameworks",
				);
				MARKETING_VERSION = 1.0;
				PRODUCT_BUNDLE_IDENTIFIER = FlitrerTrhow.SoloProject;
				PRODUCT_NAME = "$(TARGET_NAME)";
				SWIFT_EMIT_LOC_STRINGS = YES;
				SWIFT_VERSION = 5.0;
				TARGETED_DEVICE_FAMILY = "1,2";
			};
			name = Debug;
		};
		027F57212946FAC4003AEE0C /* Release */ = {
			isa = XCBuildConfiguration;
			buildSettings = {
				ASSETCATALOG_COMPILER_APPICON_NAME = AppIcon;
				ASSETCATALOG_COMPILER_GLOBAL_ACCENT_COLOR_NAME = AccentColor;
				CODE_SIGN_STYLE = Automatic;
				CURRENT_PROJECT_VERSION = 1;
				GENERATE_INFOPLIST_FILE = YES;
				INFOPLIST_FILE = SoloProject/Info.plist;
				INFOPLIST_KEY_UIApplicationSupportsIndirectInputEvents = YES;
				INFOPLIST_KEY_UILaunchStoryboardName = LaunchScreen;
				INFOPLIST_KEY_UIMainStoryboardFile = Main;
				INFOPLIST_KEY_UISupportedInterfaceOrientations_iPad = "UIInterfaceOrientationPortrait UIInterfaceOrientationPortraitUpsideDown UIInterfaceOrientationLandscapeLeft UIInterfaceOrientationLandscapeRight";
				INFOPLIST_KEY_UISupportedInterfaceOrientations_iPhone = "UIInterfaceOrientationPortrait UIInterfaceOrientationLandscapeLeft UIInterfaceOrientationLandscapeRight";
				LD_RUNPATH_SEARCH_PATHS = (
					"$(inherited)",
					"@executable_path/Frameworks",
				);
				MARKETING_VERSION = 1.0;
				PRODUCT_BUNDLE_IDENTIFIER = FlitrerTrhow.SoloProject;
				PRODUCT_NAME = "$(TARGET_NAME)";
				SWIFT_EMIT_LOC_STRINGS = YES;
				SWIFT_VERSION = 5.0;
				TARGETED_DEVICE_FAMILY = "1,2";
			};
			name = Release;
		};
		027F57232946FAC4003AEE0C /* Debug */ = {
			isa = XCBuildConfiguration;
			buildSettings = {
				ALWAYS_EMBED_SWIFT_STANDARD_LIBRARIES = YES;
				BUNDLE_LOADER = "$(TEST_HOST)";
				CODE_SIGN_STYLE = Automatic;
				CURRENT_PROJECT_VERSION = 1;
				GENERATE_INFOPLIST_FILE = YES;
				IPHONEOS_DEPLOYMENT_TARGET = 16.0;
				MARKETING_VERSION = 1.0;
				PRODUCT_BUNDLE_IDENTIFIER = FlitrerTrhow.SoloProjectTests;
				PRODUCT_NAME = "$(TARGET_NAME)";
				SWIFT_EMIT_LOC_STRINGS = NO;
				SWIFT_VERSION = 5.0;
				TARGETED_DEVICE_FAMILY = "1,2";
				TEST_HOST = "$(BUILT_PRODUCTS_DIR)/SoloProject.app/$(BUNDLE_EXECUTABLE_FOLDER_PATH)/SoloProject";
			};
			name = Debug;
		};
		027F57242946FAC4003AEE0C /* Release */ = {
			isa = XCBuildConfiguration;
			buildSettings = {
				ALWAYS_EMBED_SWIFT_STANDARD_LIBRARIES = YES;
				BUNDLE_LOADER = "$(TEST_HOST)";
				CODE_SIGN_STYLE = Automatic;
				CURRENT_PROJECT_VERSION = 1;
				GENERATE_INFOPLIST_FILE = YES;
				IPHONEOS_DEPLOYMENT_TARGET = 16.0;
				MARKETING_VERSION = 1.0;
				PRODUCT_BUNDLE_IDENTIFIER = FlitrerTrhow.SoloProjectTests;
				PRODUCT_NAME = "$(TARGET_NAME)";
				SWIFT_EMIT_LOC_STRINGS = NO;
				SWIFT_VERSION = 5.0;
				TARGETED_DEVICE_FAMILY = "1,2";
				TEST_HOST = "$(BUILT_PRODUCTS_DIR)/SoloProject.app/$(BUNDLE_EXECUTABLE_FOLDER_PATH)/SoloProject";
			};
			name = Release;
		};
		027F57262946FAC4003AEE0C /* Debug */ = {
			isa = XCBuildConfiguration;
			buildSettings = {
				ALWAYS_EMBED_SWIFT_STANDARD_LIBRARIES = YES;
				CODE_SIGN_STYLE = Automatic;
				CURRENT_PROJECT_VERSION = 1;
				GENERATE_INFOPLIST_FILE = YES;
				MARKETING_VERSION = 1.0;
				PRODUCT_BUNDLE_IDENTIFIER = FlitrerTrhow.SoloProjectUITests;
				PRODUCT_NAME = "$(TARGET_NAME)";
				SWIFT_EMIT_LOC_STRINGS = NO;
				SWIFT_VERSION = 5.0;
				TARGETED_DEVICE_FAMILY = "1,2";
				TEST_TARGET_NAME = SoloProject;
			};
			name = Debug;
		};
		027F57272946FAC4003AEE0C /* Release */ = {
			isa = XCBuildConfiguration;
			buildSettings = {
				ALWAYS_EMBED_SWIFT_STANDARD_LIBRARIES = YES;
				CODE_SIGN_STYLE = Automatic;
				CURRENT_PROJECT_VERSION = 1;
				GENERATE_INFOPLIST_FILE = YES;
				MARKETING_VERSION = 1.0;
				PRODUCT_BUNDLE_IDENTIFIER = FlitrerTrhow.SoloProjectUITests;
				PRODUCT_NAME = "$(TARGET_NAME)";
				SWIFT_EMIT_LOC_STRINGS = NO;
				SWIFT_VERSION = 5.0;
				TARGETED_DEVICE_FAMILY = "1,2";
				TEST_TARGET_NAME = SoloProject;
			};
			name = Release;
		};
/* End XCBuildConfiguration section */

/* Begin XCConfigurationList section */
		027F56F02946FAC1003AEE0C /* Build configuration list for PBXProject "SoloProject" */ = {
			isa = XCConfigurationList;
			buildConfigurations = (
				027F571D2946FAC4003AEE0C /* Debug */,
				027F571E2946FAC4003AEE0C /* Release */,
			);
			defaultConfigurationIsVisible = 0;
			defaultConfigurationName = Release;
		};
		027F571F2946FAC4003AEE0C /* Build configuration list for PBXNativeTarget "SoloProject" */ = {
			isa = XCConfigurationList;
			buildConfigurations = (
				027F57202946FAC4003AEE0C /* Debug */,
				027F57212946FAC4003AEE0C /* Release */,
			);
			defaultConfigurationIsVisible = 0;
			defaultConfigurationName = Release;
		};
		027F57222946FAC4003AEE0C /* Build configuration list for PBXNativeTarget "SoloProjectTests" */ = {
			isa = XCConfigurationList;
			buildConfigurations = (
				027F57232946FAC4003AEE0C /* Debug */,
				027F57242946FAC4003AEE0C /* Release */,
			);
			defaultConfigurationIsVisible = 0;
			defaultConfigurationName = Release;
		};
		027F57252946FAC4003AEE0C /* Build configuration list for PBXNativeTarget "SoloProjectUITests" */ = {
			isa = XCConfigurationList;
			buildConfigurations = (
				027F57262946FAC4003AEE0C /* Debug */,
				027F57272946FAC4003AEE0C /* Release */,
			);
			defaultConfigurationIsVisible = 0;
			defaultConfigurationName = Release;
		};
/* End XCConfigurationList section */
	};
	rootObject = 027F56ED2946FAC1003AEE0C /* Project object */;
}
